
Microsoft Visual Studio Solution File, Format Version 12.00
# Visual Studio Version 17
VisualStudioVersion = 17.5.2.0
MinimumVisualStudioVersion = 10.0.40219.1
Project("{2150E333-8FDC-42A3-9474-1A3956D46DE8}") = "backend", "backend", "{1AE8ACA6-933B-BF2A-3671-3E2EAC007D16}"
EndProject
Project("{2150E333-8FDC-42A3-9474-1A3956D46DE8}") = "console-agent", "console-agent", "{786CF6AF-05F7-C555-0394-914283597004}"
EndProject
Project("{FAE04EC0-301F-11D3-BF4B-00C04F79EFBC}") = "HotelBooking.Api", "backend\HotelBooking.Api\HotelBooking.Api.csproj", "{D282C5E5-ACCB-EF86-D489-9A2D0A23F88C}"
EndProject
Project("{FAE04EC0-301F-11D3-BF4B-00C04F79EFBC}") = "ConsoleAgent", "console-agent\ConsoleAgent\ConsoleAgent.csproj", "{5A994212-A12B-8BB9-2DDC-960B3F83BAF4}"
EndProject
Project("{2150E333-8FDC-42A3-9474-1A3956D46DE8}") = "aspire", "aspire", "{64880D93-BAB4-FF83-898C-B934B68C31A9}"
EndProject
Project("{FAE04EC0-301F-11D3-BF4B-00C04F79EFBC}") = "HotelSite.AppHost", "aspire\HotelSite.AppHost\HotelSite.AppHost.csproj", "{DCECBB8F-CAC1-4521-843F-6C23638104C1}"
EndProject
Project("{FAE04EC0-301F-11D3-BF4B-00C04F79EFBC}") = "HotelSite.ServiceDefaults", "aspire\HotelSite.ServiceDefaults\HotelSite.ServiceDefaults.csproj", "{D6C758D1-C973-4946-83DF-23C123DBF446}"
EndProject
Global
	GlobalSection(SolutionConfigurationPlatforms) = preSolution
		Debug|Any CPU = Debug|Any CPU
		Debug|x64 = Debug|x64
		Debug|x86 = Debug|x86
		Release|Any CPU = Release|Any CPU
		Release|x64 = Release|x64
		Release|x86 = Release|x86
	EndGlobalSection
	GlobalSection(ProjectConfigurationPlatforms) = postSolution
		{D282C5E5-ACCB-EF86-D489-9A2D0A23F88C}.Debug|Any CPU.ActiveCfg = Debug|Any CPU
		{D282C5E5-ACCB-EF86-D489-9A2D0A23F88C}.Debug|Any CPU.Build.0 = Debug|Any CPU
		{D282C5E5-ACCB-EF86-D489-9A2D0A23F88C}.Debug|x64.ActiveCfg = Debug|Any CPU
		{D282C5E5-ACCB-EF86-D489-9A2D0A23F88C}.Debug|x64.Build.0 = Debug|Any CPU
		{D282C5E5-ACCB-EF86-D489-9A2D0A23F88C}.Debug|x86.ActiveCfg = Debug|Any CPU
		{D282C5E5-ACCB-EF86-D489-9A2D0A23F88C}.Debug|x86.Build.0 = Debug|Any CPU
		{D282C5E5-ACCB-EF86-D489-9A2D0A23F88C}.Release|Any CPU.ActiveCfg = Release|Any CPU
		{D282C5E5-ACCB-EF86-D489-9A2D0A23F88C}.Release|Any CPU.Build.0 = Release|Any CPU
		{D282C5E5-ACCB-EF86-D489-9A2D0A23F88C}.Release|x64.ActiveCfg = Release|Any CPU
		{D282C5E5-ACCB-EF86-D489-9A2D0A23F88C}.Release|x64.Build.0 = Release|Any CPU
		{D282C5E5-ACCB-EF86-D489-9A2D0A23F88C}.Release|x86.ActiveCfg = Release|Any CPU
		{D282C5E5-ACCB-EF86-D489-9A2D0A23F88C}.Release|x86.Build.0 = Release|Any CPU
		{5A994212-A12B-8BB9-2DDC-960B3F83BAF4}.Debug|Any CPU.ActiveCfg = Debug|Any CPU
		{5A994212-A12B-8BB9-2DDC-960B3F83BAF4}.Debug|Any CPU.Build.0 = Debug|Any CPU
		{5A994212-A12B-8BB9-2DDC-960B3F83BAF4}.Debug|x64.ActiveCfg = Debug|Any CPU
		{5A994212-A12B-8BB9-2DDC-960B3F83BAF4}.Debug|x64.Build.0 = Debug|Any CPU
		{5A994212-A12B-8BB9-2DDC-960B3F83BAF4}.Debug|x86.ActiveCfg = Debug|Any CPU
		{5A994212-A12B-8BB9-2DDC-960B3F83BAF4}.Debug|x86.Build.0 = Debug|Any CPU
		{5A994212-A12B-8BB9-2DDC-960B3F83BAF4}.Release|Any CPU.ActiveCfg = Release|Any CPU
		{5A994212-A12B-8BB9-2DDC-960B3F83BAF4}.Release|Any CPU.Build.0 = Release|Any CPU
		{5A994212-A12B-8BB9-2DDC-960B3F83BAF4}.Release|x64.ActiveCfg = Release|Any CPU
		{5A994212-A12B-8BB9-2DDC-960B3F83BAF4}.Release|x64.Build.0 = Release|Any CPU
		{5A994212-A12B-8BB9-2DDC-960B3F83BAF4}.Release|x86.ActiveCfg = Release|Any CPU
		{5A994212-A12B-8BB9-2DDC-960B3F83BAF4}.Release|x86.Build.0 = Release|Any CPU
		{DCECBB8F-CAC1-4521-843F-6C23638104C1}.Debug|Any CPU.ActiveCfg = Debug|Any CPU
		{DCECBB8F-CAC1-4521-843F-6C23638104C1}.Debug|Any CPU.Build.0 = Debug|Any CPU
		{DCECBB8F-CAC1-4521-843F-6C23638104C1}.Debug|x64.ActiveCfg = Debug|Any CPU
		{DCECBB8F-CAC1-4521-843F-6C23638104C1}.Debug|x64.Build.0 = Debug|Any CPU
		{DCECBB8F-CAC1-4521-843F-6C23638104C1}.Debug|x86.ActiveCfg = Debug|Any CPU
		{DCECBB8F-CAC1-4521-843F-6C23638104C1}.Debug|x86.Build.0 = Debug|Any CPU
		{DCECBB8F-CAC1-4521-843F-6C23638104C1}.Release|Any CPU.ActiveCfg = Release|Any CPU
		{DCECBB8F-CAC1-4521-843F-6C23638104C1}.Release|Any CPU.Build.0 = Release|Any CPU
		{DCECBB8F-CAC1-4521-843F-6C23638104C1}.Release|x64.ActiveCfg = Release|Any CPU
		{DCECBB8F-CAC1-4521-843F-6C23638104C1}.Release|x64.Build.0 = Release|Any CPU
		{DCECBB8F-CAC1-4521-843F-6C23638104C1}.Release|x86.ActiveCfg = Release|Any CPU
		{DCECBB8F-CAC1-4521-843F-6C23638104C1}.Release|x86.Build.0 = Release|Any CPU
		{D6C758D1-C973-4946-83DF-23C123DBF446}.Debug|Any CPU.ActiveCfg = Debug|Any CPU
		{D6C758D1-C973-4946-83DF-23C123DBF446}.Debug|Any CPU.Build.0 = Debug|Any CPU
		{D6C758D1-C973-4946-83DF-23C123DBF446}.Debug|x64.ActiveCfg = Debug|Any CPU
		{D6C758D1-C973-4946-83DF-23C123DBF446}.Debug|x64.Build.0 = Debug|Any CPU
		{D6C758D1-C973-4946-83DF-23C123DBF446}.Debug|x86.ActiveCfg = Debug|Any CPU
		{D6C758D1-C973-4946-83DF-23C123DBF446}.Debug|x86.Build.0 = Debug|Any CPU
		{D6C758D1-C973-4946-83DF-23C123DBF446}.Release|Any CPU.ActiveCfg = Release|Any CPU
		{D6C758D1-C973-4946-83DF-23C123DBF446}.Release|Any CPU.Build.0 = Release|Any CPU
		{D6C758D1-C973-4946-83DF-23C123DBF446}.Release|x64.ActiveCfg = Release|Any CPU
		{D6C758D1-C973-4946-83DF-23C123DBF446}.Release|x64.Build.0 = Release|Any CPU
		{D6C758D1-C973-4946-83DF-23C123DBF446}.Release|x86.ActiveCfg = Release|Any CPU
		{D6C758D1-C973-4946-83DF-23C123DBF446}.Release|x86.Build.0 = Release|Any CPU
	EndGlobalSection
	GlobalSection(SolutionProperties) = preSolution
		HideSolutionNode = FALSE
	EndGlobalSection
	GlobalSection(NestedProjects) = preSolution
		{D282C5E5-ACCB-EF86-D489-9A2D0A23F88C} = {1AE8ACA6-933B-BF2A-3671-3E2EAC007D16}
		{5A994212-A12B-8BB9-2DDC-960B3F83BAF4} = {786CF6AF-05F7-C555-0394-914283597004}
		{DCECBB8F-CAC1-4521-843F-6C23638104C1} = {64880D93-BAB4-FF83-898C-B934B68C31A9}
		{D6C758D1-C973-4946-83DF-23C123DBF446} = {64880D93-BAB4-FF83-898C-B934B68C31A9}
	EndGlobalSection
	GlobalSection(ExtensibilityGlobals) = postSolution
		SolutionGuid = {AEC816D7-7E60-40FE-A305-61410FB173A1}
	EndGlobalSection
EndGlobal
